// !$*UTF8*$!
{
	archiveVersion = 1;
	classes = {
	};
	objectVersion = 56;
	objects = {

/* Begin PBXBuildFile section */
		1C01AF8D2C507EB8008F2750 /* BluetoothManager.swift in Sources */ = {isa = PBXBuildFile; fileRef = 1C01AF8C2C507EB8008F2750 /* BluetoothManager.swift */; };
		1C01AF8F2C5485F8008F2750 /* DeviceLocationView.swift in Sources */ = {isa = PBXBuildFile; fileRef = 1C01AF8E2C5485F8008F2750 /* DeviceLocationView.swift */; };
		1C01AF912C548636008F2750 /* Device.swift in Sources */ = {isa = PBXBuildFile; fileRef = 1C01AF902C548636008F2750 /* Device.swift */; };
		1CF279072C504E2C00977A26 /* SweeperApp.swift in Sources */ = {isa = PBXBuildFile; fileRef = 1CF279062C504E2C00977A26 /* SweeperApp.swift */; };
		1CF279092C504E2C00977A26 /* HomeView.swift in Sources */ = {isa = PBXBuildFile; fileRef = 1CF279082C504E2C00977A26 /* HomeView.swift */; };
		1CF2790B2C504E2F00977A26 /* Assets.xcassets in Resources */ = {isa = PBXBuildFile; fileRef = 1CF2790A2C504E2F00977A26 /* Assets.xcassets */; };
		1CF2790E2C504E2F00977A26 /* Preview Assets.xcassets in Resources */ = {isa = PBXBuildFile; fileRef = 1CF2790D2C504E2F00977A26 /* Preview Assets.xcassets */; };
		1CF279182C504E3000977A26 /* SweeperTests.swift in Sources */ = {isa = PBXBuildFile; fileRef = 1CF279172C504E3000977A26 /* SweeperTests.swift */; };
		1CF279222C504E3000977A26 /* SweeperUITests.swift in Sources */ = {isa = PBXBuildFile; fileRef = 1CF279212C504E3000977A26 /* SweeperUITests.swift */; };
		1CF279242C504E3000977A26 /* SweeperUITestsLaunchTests.swift in Sources */ = {isa = PBXBuildFile; fileRef = 1CF279232C504E3000977A26 /* SweeperUITestsLaunchTests.swift */; };
/* End PBXBuildFile section */

/* Begin PBXContainerItemProxy section */
		1CF279142C504E3000977A26 /* PBXContainerItemProxy */ = {
			isa = PBXContainerItemProxy;
			containerPortal = 1CF278FB2C504E2C00977A26 /* Project object */;
			proxyType = 1;
			remoteGlobalIDString = 1CF279022C504E2C00977A26;
			remoteInfo = Sweeper;
		};
		1CF2791E2C504E3000977A26 /* PBXContainerItemProxy */ = {
			isa = PBXContainerItemProxy;
			containerPortal = 1CF278FB2C504E2C00977A26 /* Project object */;
			proxyType = 1;
			remoteGlobalIDString = 1CF279022C504E2C00977A26;
			remoteInfo = Sweeper;
		};
/* End PBXContainerItemProxy section */

/* Begin PBXFileReference section */
		1C01AF8C2C507EB8008F2750 /* BluetoothManager.swift */ = {isa = PBXFileReference; lastKnownFileType = sourcecode.swift; path = BluetoothManager.swift; sourceTree = "<group>"; };
		1C01AF8E2C5485F8008F2750 /* DeviceLocationView.swift */ = {isa = PBXFileReference; lastKnownFileType = sourcecode.swift; path = DeviceLocationView.swift; sourceTree = "<group>"; };
		1C01AF902C548636008F2750 /* Device.swift */ = {isa = PBXFileReference; lastKnownFileType = sourcecode.swift; path = Device.swift; sourceTree = "<group>"; };
		1CF279032C504E2C00977A26 /* Sweeper.app */ = {isa = PBXFileReference; explicitFileType = wrapper.application; includeInIndex = 0; path = Sweeper.app; sourceTree = BUILT_PRODUCTS_DIR; };
		1CF279062C504E2C00977A26 /* SweeperApp.swift */ = {isa = PBXFileReference; lastKnownFileType = sourcecode.swift; path = SweeperApp.swift; sourceTree = "<group>"; };
		1CF279082C504E2C00977A26 /* HomeView.swift */ = {isa = PBXFileReference; lastKnownFileType = sourcecode.swift; path = HomeView.swift; sourceTree = "<group>"; };
		1CF2790A2C504E2F00977A26 /* Assets.xcassets */ = {isa = PBXFileReference; lastKnownFileType = folder.assetcatalog; path = Assets.xcassets; sourceTree = "<group>"; };
		1CF2790D2C504E2F00977A26 /* Preview Assets.xcassets */ = {isa = PBXFileReference; lastKnownFileType = folder.assetcatalog; path = "Preview Assets.xcassets"; sourceTree = "<group>"; };
		1CF279132C504E3000977A26 /* SweeperTests.xctest */ = {isa = PBXFileReference; explicitFileType = wrapper.cfbundle; includeInIndex = 0; path = SweeperTests.xctest; sourceTree = BUILT_PRODUCTS_DIR; };
		1CF279172C504E3000977A26 /* SweeperTests.swift */ = {isa = PBXFileReference; lastKnownFileType = sourcecode.swift; path = SweeperTests.swift; sourceTree = "<group>"; };
		1CF2791D2C504E3000977A26 /* SweeperUITests.xctest */ = {isa = PBXFileReference; explicitFileType = wrapper.cfbundle; includeInIndex = 0; path = SweeperUITests.xctest; sourceTree = BUILT_PRODUCTS_DIR; };
		1CF279212C504E3000977A26 /* SweeperUITests.swift */ = {isa = PBXFileReference; lastKnownFileType = sourcecode.swift; path = SweeperUITests.swift; sourceTree = "<group>"; };
		1CF279232C504E3000977A26 /* SweeperUITestsLaunchTests.swift */ = {isa = PBXFileReference; lastKnownFileType = sourcecode.swift; path = SweeperUITestsLaunchTests.swift; sourceTree = "<group>"; };
/* End PBXFileReference section */

/* Begin PBXFrameworksBuildPhase section */
		1CF279002C504E2C00977A26 /* Frameworks */ = {
			isa = PBXFrameworksBuildPhase;
			buildActionMask = 2147483647;
			files = (
			);
			runOnlyForDeploymentPostprocessing = 0;
		};
		1CF279102C504E3000977A26 /* Frameworks */ = {
			isa = PBXFrameworksBuildPhase;
			buildActionMask = 2147483647;
			files = (
			);
			runOnlyForDeploymentPostprocessing = 0;
		};
		1CF2791A2C504E3000977A26 /* Frameworks */ = {
			isa = PBXFrameworksBuildPhase;
			buildActionMask = 2147483647;
			files = (
			);
			runOnlyForDeploymentPostprocessing = 0;
		};
/* End PBXFrameworksBuildPhase section */

/* Begin PBXGroup section */
		1CB7E4FE2C573D9E008A41F2 /* Views */ = {
			isa = PBXGroup;
			children = (
				1CF279082C504E2C00977A26 /* HomeView.swift */,
				1C01AF8E2C5485F8008F2750 /* DeviceLocationView.swift */,
			);
			path = Views;
			sourceTree = "<group>";
		};
		1CF278FA2C504E2C00977A26 = {
			isa = PBXGroup;
			children = (
				1CF279052C504E2C00977A26 /* Sweeper */,
				1CF279162C504E3000977A26 /* SweeperTests */,
				1CF279202C504E3000977A26 /* SweeperUITests */,
				1CF279042C504E2C00977A26 /* Products */,
			);
			sourceTree = "<group>";
		};
		1CF279042C504E2C00977A26 /* Products */ = {
			isa = PBXGroup;
			children = (
				1CF279032C504E2C00977A26 /* Sweeper.app */,
				1CF279132C504E3000977A26 /* SweeperTests.xctest */,
				1CF2791D2C504E3000977A26 /* SweeperUITests.xctest */,
			);
			name = Products;
			sourceTree = "<group>";
		};
		1CF279052C504E2C00977A26 /* Sweeper */ = {
			isa = PBXGroup;
			children = (
				1CB7E4FE2C573D9E008A41F2 /* Views */,
				1C01AF8C2C507EB8008F2750 /* BluetoothManager.swift */,
				1CF279062C504E2C00977A26 /* SweeperApp.swift */,
				1CF2790A2C504E2F00977A26 /* Assets.xcassets */,
				1CF2790C2C504E2F00977A26 /* Preview Content */,
				1C01AF902C548636008F2750 /* Device.swift */,
			);
			path = Sweeper;
			sourceTree = "<group>";
		};
		1CF2790C2C504E2F00977A26 /* Preview Content */ = {
			isa = PBXGroup;
			children = (
				1CF2790D2C504E2F00977A26 /* Preview Assets.xcassets */,
			);
			path = "Preview Content";
			sourceTree = "<group>";
		};
		1CF279162C504E3000977A26 /* SweeperTests */ = {
			isa = PBXGroup;
			children = (
				1CF279172C504E3000977A26 /* SweeperTests.swift */,
			);
			path = SweeperTests;
			sourceTree = "<group>";
		};
		1CF279202C504E3000977A26 /* SweeperUITests */ = {
			isa = PBXGroup;
			children = (
				1CF279212C504E3000977A26 /* SweeperUITests.swift */,
				1CF279232C504E3000977A26 /* SweeperUITestsLaunchTests.swift */,
			);
			path = SweeperUITests;
			sourceTree = "<group>";
		};
/* End PBXGroup section */

/* Begin PBXNativeTarget section */
		1CF279022C504E2C00977A26 /* Sweeper */ = {
			isa = PBXNativeTarget;
			buildConfigurationList = 1CF279272C504E3000977A26 /* Build configuration list for PBXNativeTarget "Sweeper" */;
			buildPhases = (
				1CF278FF2C504E2C00977A26 /* Sources */,
				1CF279002C504E2C00977A26 /* Frameworks */,
				1CF279012C504E2C00977A26 /* Resources */,
			);
			buildRules = (
			);
			dependencies = (
			);
			name = Sweeper;
			productName = Sweeper;
			productReference = 1CF279032C504E2C00977A26 /* Sweeper.app */;
			productType = "com.apple.product-type.application";
		};
		1CF279122C504E3000977A26 /* SweeperTests */ = {
			isa = PBXNativeTarget;
			buildConfigurationList = 1CF2792A2C504E3000977A26 /* Build configuration list for PBXNativeTarget "SweeperTests" */;
			buildPhases = (
				1CF2790F2C504E3000977A26 /* Sources */,
				1CF279102C504E3000977A26 /* Frameworks */,
				1CF279112C504E3000977A26 /* Resources */,
			);
			buildRules = (
			);
			dependencies = (
				1CF279152C504E3000977A26 /* PBXTargetDependency */,
			);
			name = SweeperTests;
			productName = SweeperTests;
			productReference = 1CF279132C504E3000977A26 /* SweeperTests.xctest */;
			productType = "com.apple.product-type.bundle.unit-test";
		};
		1CF2791C2C504E3000977A26 /* SweeperUITests */ = {
			isa = PBXNativeTarget;
			buildConfigurationList = 1CF2792D2C504E3000977A26 /* Build configuration list for PBXNativeTarget "SweeperUITests" */;
			buildPhases = (
				1CF279192C504E3000977A26 /* Sources */,
				1CF2791A2C504E3000977A26 /* Frameworks */,
				1CF2791B2C504E3000977A26 /* Resources */,
			);
			buildRules = (
			);
			dependencies = (
				1CF2791F2C504E3000977A26 /* PBXTargetDependency */,
			);
			name = SweeperUITests;
			productName = SweeperUITests;
			productReference = 1CF2791D2C504E3000977A26 /* SweeperUITests.xctest */;
			productType = "com.apple.product-type.bundle.ui-testing";
		};
/* End PBXNativeTarget section */

/* Begin PBXProject section */
		1CF278FB2C504E2C00977A26 /* Project object */ = {
			isa = PBXProject;
			attributes = {
				BuildIndependentTargetsInParallel = 1;
				LastSwiftUpdateCheck = 1540;
				LastUpgradeCheck = 1540;
				TargetAttributes = {
					1CF279022C504E2C00977A26 = {
						CreatedOnToolsVersion = 15.4;
					};
					1CF279122C504E3000977A26 = {
						CreatedOnToolsVersion = 15.4;
						TestTargetID = 1CF279022C504E2C00977A26;
					};
					1CF2791C2C504E3000977A26 = {
						CreatedOnToolsVersion = 15.4;
						TestTargetID = 1CF279022C504E2C00977A26;
					};
				};
			};
			buildConfigurationList = 1CF278FE2C504E2C00977A26 /* Build configuration list for PBXProject "Sweeper" */;
			compatibilityVersion = "Xcode 14.0";
			developmentRegion = en;
			hasScannedForEncodings = 0;
			knownRegions = (
				en,
				Base,
			);
			mainGroup = 1CF278FA2C504E2C00977A26;
			productRefGroup = 1CF279042C504E2C00977A26 /* Products */;
			projectDirPath = "";
			projectRoot = "";
			targets = (
				1CF279022C504E2C00977A26 /* Sweeper */,
				1CF279122C504E3000977A26 /* SweeperTests */,
				1CF2791C2C504E3000977A26 /* SweeperUITests */,
			);
		};
/* End PBXProject section */

/* Begin PBXResourcesBuildPhase section */
		1CF279012C504E2C00977A26 /* Resources */ = {
			isa = PBXResourcesBuildPhase;
			buildActionMask = 2147483647;
			files = (
				1CF2790E2C504E2F00977A26 /* Preview Assets.xcassets in Resources */,
				1CF2790B2C504E2F00977A26 /* Assets.xcassets in Resources */,
			);
			runOnlyForDeploymentPostprocessing = 0;
		};
		1CF279112C504E3000977A26 /* Resources */ = {
			isa = PBXResourcesBuildPhase;
			buildActionMask = 2147483647;
			files = (
			);
			runOnlyForDeploymentPostprocessing = 0;
		};
		1CF2791B2C504E3000977A26 /* Resources */ = {
			isa = PBXResourcesBuildPhase;
			buildActionMask = 2147483647;
			files = (
			);
			runOnlyForDeploymentPostprocessing = 0;
		};
/* End PBXResourcesBuildPhase section */

/* Begin PBXSourcesBuildPhase section */
		1CF278FF2C504E2C00977A26 /* Sources */ = {
			isa = PBXSourcesBuildPhase;
			buildActionMask = 2147483647;
			files = (
				1CF279092C504E2C00977A26 /* HomeView.swift in Sources */,
				1C01AF8D2C507EB8008F2750 /* BluetoothManager.swift in Sources */,
				1CF279072C504E2C00977A26 /* SweeperApp.swift in Sources */,
				1C01AF8F2C5485F8008F2750 /* DeviceLocationView.swift in Sources */,
				1C01AF912C548636008F2750 /* Device.swift in Sources */,
			);
			runOnlyForDeploymentPostprocessing = 0;
		};
		1CF2790F2C504E3000977A26 /* Sources */ = {
			isa = PBXSourcesBuildPhase;
			buildActionMask = 2147483647;
			files = (
				1CF279182C504E3000977A26 /* SweeperTests.swift in Sources */,
			);
			runOnlyForDeploymentPostprocessing = 0;
		};
		1CF279192C504E3000977A26 /* Sources */ = {
			isa = PBXSourcesBuildPhase;
			buildActionMask = 2147483647;
			files = (
				1CF279242C504E3000977A26 /* SweeperUITestsLaunchTests.swift in Sources */,
				1CF279222C504E3000977A26 /* SweeperUITests.swift in Sources */,
			);
			runOnlyForDeploymentPostprocessing = 0;
		};
/* End PBXSourcesBuildPhase section */

/* Begin PBXTargetDependency section */
		1CF279152C504E3000977A26 /* PBXTargetDependency */ = {
			isa = PBXTargetDependency;
			target = 1CF279022C504E2C00977A26 /* Sweeper */;
			targetProxy = 1CF279142C504E3000977A26 /* PBXContainerItemProxy */;
		};
		1CF2791F2C504E3000977A26 /* PBXTargetDependency */ = {
			isa = PBXTargetDependency;
			target = 1CF279022C504E2C00977A26 /* Sweeper */;
			targetProxy = 1CF2791E2C504E3000977A26 /* PBXContainerItemProxy */;
		};
/* End PBXTargetDependency section */

/* Begin XCBuildConfiguration section */
		1CF279252C504E3000977A26 /* Debug */ = {
			isa = XCBuildConfiguration;
			buildSettings = {
				ALWAYS_SEARCH_USER_PATHS = NO;
				ASSETCATALOG_COMPILER_GENERATE_SWIFT_ASSET_SYMBOL_EXTENSIONS = YES;
				CLANG_ANALYZER_NONNULL = YES;
				CLANG_ANALYZER_NUMBER_OBJECT_CONVERSION = YES_AGGRESSIVE;
				CLANG_CXX_LANGUAGE_STANDARD = "gnu++20";
				CLANG_ENABLE_MODULES = YES;
				CLANG_ENABLE_OBJC_ARC = YES;
				CLANG_ENABLE_OBJC_WEAK = YES;
				CLANG_WARN_BLOCK_CAPTURE_AUTORELEASING = YES;
				CLANG_WARN_BOOL_CONVERSION = YES;
				CLANG_WARN_COMMA = YES;
				CLANG_WARN_CONSTANT_CONVERSION = YES;
				CLANG_WARN_DEPRECATED_OBJC_IMPLEMENTATIONS = YES;
				CLANG_WARN_DIRECT_OBJC_ISA_USAGE = YES_ERROR;
				CLANG_WARN_DOCUMENTATION_COMMENTS = YES;
				CLANG_WARN_EMPTY_BODY = YES;
				CLANG_WARN_ENUM_CONVERSION = YES;
				CLANG_WARN_INFINITE_RECURSION = YES;
				CLANG_WARN_INT_CONVERSION = YES;
				CLANG_WARN_NON_LITERAL_NULL_CONVERSION = YES;
				CLANG_WARN_OBJC_IMPLICIT_RETAIN_SELF = YES;
				CLANG_WARN_OBJC_LITERAL_CONVERSION = YES;
				CLANG_WARN_OBJC_ROOT_CLASS = YES_ERROR;
				CLANG_WARN_QUOTED_INCLUDE_IN_FRAMEWORK_HEADER = YES;
				CLANG_WARN_RANGE_LOOP_ANALYSIS = YES;
				CLANG_WARN_STRICT_PROTOTYPES = YES;
				CLANG_WARN_SUSPICIOUS_MOVE = YES;
				CLANG_WARN_UNGUARDED_AVAILABILITY = YES_AGGRESSIVE;
				CLANG_WARN_UNREACHABLE_CODE = YES;
				CLANG_WARN__DUPLICATE_METHOD_MATCH = YES;
				COPY_PHASE_STRIP = NO;
				DEBUG_INFORMATION_FORMAT = dwarf;
				ENABLE_STRICT_OBJC_MSGSEND = YES;
				ENABLE_TESTABILITY = YES;
				ENABLE_USER_SCRIPT_SANDBOXING = YES;
				GCC_C_LANGUAGE_STANDARD = gnu17;
				GCC_DYNAMIC_NO_PIC = NO;
				GCC_NO_COMMON_BLOCKS = YES;
				GCC_OPTIMIZATION_LEVEL = 0;
				GCC_PREPROCESSOR_DEFINITIONS = (
					"DEBUG=1",
					"$(inherited)",
				);
				GCC_WARN_64_TO_32_BIT_CONVERSION = YES;
				GCC_WARN_ABOUT_RETURN_TYPE = YES_ERROR;
				GCC_WARN_UNDECLARED_SELECTOR = YES;
				GCC_WARN_UNINITIALIZED_AUTOS = YES_AGGRESSIVE;
				GCC_WARN_UNUSED_FUNCTION = YES;
				GCC_WARN_UNUSED_VARIABLE = YES;
				IPHONEOS_DEPLOYMENT_TARGET = 16.0;
				LOCALIZATION_PREFERS_STRING_CATALOGS = YES;
				MTL_ENABLE_DEBUG_INFO = INCLUDE_SOURCE;
				MTL_FAST_MATH = YES;
				ONLY_ACTIVE_ARCH = YES;
				SDKROOT = iphoneos;
				SWIFT_ACTIVE_COMPILATION_CONDITIONS = "DEBUG $(inherited)";
				SWIFT_OPTIMIZATION_LEVEL = "-Onone";
			};
			name = Debug;
		};
		1CF279262C504E3000977A26 /* Release */ = {
			isa = XCBuildConfiguration;
			buildSettings = {
				ALWAYS_SEARCH_USER_PATHS = NO;
				ASSETCATALOG_COMPILER_GENERATE_SWIFT_ASSET_SYMBOL_EXTENSIONS = YES;
				CLANG_ANALYZER_NONNULL = YES;
				CLANG_ANALYZER_NUMBER_OBJECT_CONVERSION = YES_AGGRESSIVE;
				CLANG_CXX_LANGUAGE_STANDARD = "gnu++20";
				CLANG_ENABLE_MODULES = YES;
				CLANG_ENABLE_OBJC_ARC = YES;
				CLANG_ENABLE_OBJC_WEAK = YES;
				CLANG_WARN_BLOCK_CAPTURE_AUTORELEASING = YES;
				CLANG_WARN_BOOL_CONVERSION = YES;
				CLANG_WARN_COMMA = YES;
				CLANG_WARN_CONSTANT_CONVERSION = YES;
				CLANG_WARN_DEPRECATED_OBJC_IMPLEMENTATIONS = YES;
				CLANG_WARN_DIRECT_OBJC_ISA_USAGE = YES_ERROR;
				CLANG_WARN_DOCUMENTATION_COMMENTS = YES;
				CLANG_WARN_EMPTY_BODY = YES;
				CLANG_WARN_ENUM_CONVERSION = YES;
				CLANG_WARN_INFINITE_RECURSION = YES;
				CLANG_WARN_INT_CONVERSION = YES;
				CLANG_WARN_NON_LITERAL_NULL_CONVERSION = YES;
				CLANG_WARN_OBJC_IMPLICIT_RETAIN_SELF = YES;
				CLANG_WARN_OBJC_LITERAL_CONVERSION = YES;
				CLANG_WARN_OBJC_ROOT_CLASS = YES_ERROR;
				CLANG_WARN_QUOTED_INCLUDE_IN_FRAMEWORK_HEADER = YES;
				CLANG_WARN_RANGE_LOOP_ANALYSIS = YES;
				CLANG_WARN_STRICT_PROTOTYPES = YES;
				CLANG_WARN_SUSPICIOUS_MOVE = YES;
				CLANG_WARN_UNGUARDED_AVAILABILITY = YES_AGGRESSIVE;
				CLANG_WARN_UNREACHABLE_CODE = YES;
				CLANG_WARN__DUPLICATE_METHOD_MATCH = YES;
				COPY_PHASE_STRIP = NO;
				DEBUG_INFORMATION_FORMAT = "dwarf-with-dsym";
				ENABLE_NS_ASSERTIONS = NO;
				ENABLE_STRICT_OBJC_MSGSEND = YES;
				ENABLE_USER_SCRIPT_SANDBOXING = YES;
				GCC_C_LANGUAGE_STANDARD = gnu17;
				GCC_NO_COMMON_BLOCKS = YES;
				GCC_WARN_64_TO_32_BIT_CONVERSION = YES;
				GCC_WARN_ABOUT_RETURN_TYPE = YES_ERROR;
				GCC_WARN_UNDECLARED_SELECTOR = YES;
				GCC_WARN_UNINITIALIZED_AUTOS = YES_AGGRESSIVE;
				GCC_WARN_UNUSED_FUNCTION = YES;
				GCC_WARN_UNUSED_VARIABLE = YES;
				IPHONEOS_DEPLOYMENT_TARGET = 16.0;
				LOCALIZATION_PREFERS_STRING_CATALOGS = YES;
				MTL_ENABLE_DEBUG_INFO = NO;
				MTL_FAST_MATH = YES;
				SDKROOT = iphoneos;
				SWIFT_COMPILATION_MODE = wholemodule;
				VALIDATE_PRODUCT = YES;
			};
			name = Release;
		};
		1CF279282C504E3000977A26 /* Debug */ = {
			isa = XCBuildConfiguration;
			buildSettings = {
				ASSETCATALOG_COMPILER_APPICON_NAME = AppIcon;
				ASSETCATALOG_COMPILER_GLOBAL_ACCENT_COLOR_NAME = AccentColor;
				CODE_SIGN_STYLE = Automatic;
				CURRENT_PROJECT_VERSION = 1;
				DEVELOPMENT_ASSET_PATHS = "\"Sweeper/Preview Content\"";
				DEVELOPMENT_TEAM = 2C46LCA3MM;
				ENABLE_PREVIEWS = YES;
				GENERATE_INFOPLIST_FILE = YES;
				INFOPLIST_KEY_NSBluetoothAlwaysUsageDescription = "This is for basic functionality of the app.";
				INFOPLIST_KEY_NSBluetoothPeripheralUsageDescription = "This is for basic functionality of the app.";
				INFOPLIST_KEY_NSLocationAlwaysAndWhenInUseUsageDescription = Needed;
				INFOPLIST_KEY_NSLocationAlwaysUsageDescription = "This is for basic functionality of the app.";
				INFOPLIST_KEY_NSLocationWhenInUseUsageDescription = "This is important.";
				INFOPLIST_KEY_UIApplicationSceneManifest_Generation = YES;
				INFOPLIST_KEY_UIApplicationSupportsIndirectInputEvents = YES;
				INFOPLIST_KEY_UILaunchScreen_Generation = YES;
				INFOPLIST_KEY_UISupportedInterfaceOrientations_iPad = "UIInterfaceOrientationPortrait UIInterfaceOrientationPortraitUpsideDown UIInterfaceOrientationLandscapeLeft UIInterfaceOrientationLandscapeRight";
				INFOPLIST_KEY_UISupportedInterfaceOrientations_iPhone = "UIInterfaceOrientationPortrait UIInterfaceOrientationLandscapeLeft UIInterfaceOrientationLandscapeRight";
				LD_RUNPATH_SEARCH_PATHS = (
					"$(inherited)",
					"@executable_path/Frameworks",
				);
				MARKETING_VERSION = 1.0;
				PRODUCT_BUNDLE_IDENTIFIER = "Belle-Lim.Sweeper";
				PRODUCT_NAME = "$(TARGET_NAME)";
				SWIFT_EMIT_LOC_STRINGS = YES;
				SWIFT_VERSION = 5.0;
				TARGETED_DEVICE_FAMILY = "1,2";
			};
			name = Debug;
		};
		1CF279292C504E3000977A26 /* Release */ = {
			isa = XCBuildConfiguration;
			buildSettings = {
				ASSETCATALOG_COMPILER_APPICON_NAME = AppIcon;
				ASSETCATALOG_COMPILER_GLOBAL_ACCENT_COLOR_NAME = AccentColor;
				CODE_SIGN_STYLE = Automatic;
				CURRENT_PROJECT_VERSION = 1;
				DEVELOPMENT_ASSET_PATHS = "\"Sweeper/Preview Content\"";
				DEVELOPMENT_TEAM = 2C46LCA3MM;
				ENABLE_PREVIEWS = YES;
				GENERATE_INFOPLIST_FILE = YES;
				INFOPLIST_KEY_NSBluetoothAlwaysUsageDescription = "This is for basic functionality of the app.";
				INFOPLIST_KEY_NSBluetoothPeripheralUsageDescription = "This is for basic functionality of the app.";
				INFOPLIST_KEY_NSLocationAlwaysAndWhenInUseUsageDescription = Needed;
				INFOPLIST_KEY_NSLocationAlwaysUsageDescription = "This is for basic functionality of the app.";
				INFOPLIST_KEY_NSLocationWhenInUseUsageDescription = "This is important.";
				INFOPLIST_KEY_UIApplicationSceneManifest_Generation = YES;
				INFOPLIST_KEY_UIApplicationSupportsIndirectInputEvents = YES;
				INFOPLIST_KEY_UILaunchScreen_Generation = YES;
				INFOPLIST_KEY_UISupportedInterfaceOrientations_iPad = "UIInterfaceOrientationPortrait UIInterfaceOrientationPortraitUpsideDown UIInterfaceOrientationLandscapeLeft UIInterfaceOrientationLandscapeRight";
				INFOPLIST_KEY_UISupportedInterfaceOrientations_iPhone = "UIInterfaceOrientationPortrait UIInterfaceOrientationLandscapeLeft UIInterfaceOrientationLandscapeRight";
				LD_RUNPATH_SEARCH_PATHS = (
					"$(inherited)",
					"@executable_path/Frameworks",
				);
				MARKETING_VERSION = 1.0;
				PRODUCT_BUNDLE_IDENTIFIER = "Belle-Lim.Sweeper";
				PRODUCT_NAME = "$(TARGET_NAME)";
				SWIFT_EMIT_LOC_STRINGS = YES;
				SWIFT_VERSION = 5.0;
				TARGETED_DEVICE_FAMILY = "1,2";
			};
			name = Release;
		};
		1CF2792B2C504E3000977A26 /* Debug */ = {
			isa = XCBuildConfiguration;
			buildSettings = {
				ALWAYS_EMBED_SWIFT_STANDARD_LIBRARIES = YES;
				BUNDLE_LOADER = "$(TEST_HOST)";
				CODE_SIGN_STYLE = Automatic;
				CURRENT_PROJECT_VERSION = 1;
				GENERATE_INFOPLIST_FILE = YES;
				IPHONEOS_DEPLOYMENT_TARGET = 17.5;
				MARKETING_VERSION = 1.0;
				PRODUCT_BUNDLE_IDENTIFIER = "Belle-Lim.SweeperTests";
				PRODUCT_NAME = "$(TARGET_NAME)";
				SWIFT_EMIT_LOC_STRINGS = NO;
				SWIFT_VERSION = 5.0;
				TARGETED_DEVICE_FAMILY = "1,2";
				TEST_HOST = "$(BUILT_PRODUCTS_DIR)/Sweeper.app/$(BUNDLE_EXECUTABLE_FOLDER_PATH)/Sweeper";
			};
			name = Debug;
		};
		1CF2792C2C504E3000977A26 /* Release */ = {
			isa = XCBuildConfiguration;
			buildSettings = {
				ALWAYS_EMBED_SWIFT_STANDARD_LIBRARIES = YES;
				BUNDLE_LOADER = "$(TEST_HOST)";
				CODE_SIGN_STYLE = Automatic;
				CURRENT_PROJECT_VERSION = 1;
				GENERATE_INFOPLIST_FILE = YES;
				IPHONEOS_DEPLOYMENT_TARGET = 17.5;
				MARKETING_VERSION = 1.0;
				PRODUCT_BUNDLE_IDENTIFIER = "Belle-Lim.SweeperTests";
				PRODUCT_NAME = "$(TARGET_NAME)";
				SWIFT_EMIT_LOC_STRINGS = NO;
				SWIFT_VERSION = 5.0;
				TARGETED_DEVICE_FAMILY = "1,2";
				TEST_HOST = "$(BUILT_PRODUCTS_DIR)/Sweeper.app/$(BUNDLE_EXECUTABLE_FOLDER_PATH)/Sweeper";
			};
			name = Release;
		};
		1CF2792E2C504E3000977A26 /* Debug */ = {
			isa = XCBuildConfiguration;
			buildSettings = {
				ALWAYS_EMBED_SWIFT_STANDARD_LIBRARIES = YES;
				CODE_SIGN_STYLE = Automatic;
				CURRENT_PROJECT_VERSION = 1;
				GENERATE_INFOPLIST_FILE = YES;
				MARKETING_VERSION = 1.0;
				PRODUCT_BUNDLE_IDENTIFIER = "Belle-Lim.SweeperUITests";
				PRODUCT_NAME = "$(TARGET_NAME)";
				SWIFT_EMIT_LOC_STRINGS = NO;
				SWIFT_VERSION = 5.0;
				TARGETED_DEVICE_FAMILY = "1,2";
				TEST_TARGET_NAME = Sweeper;
			};
			name = Debug;
		};
		1CF2792F2C504E3000977A26 /* Release */ = {
			isa = XCBuildConfiguration;
			buildSettings = {
				ALWAYS_EMBED_SWIFT_STANDARD_LIBRARIES = YES;
				CODE_SIGN_STYLE = Automatic;
				CURRENT_PROJECT_VERSION = 1;
				GENERATE_INFOPLIST_FILE = YES;
				MARKETING_VERSION = 1.0;
				PRODUCT_BUNDLE_IDENTIFIER = "Belle-Lim.SweeperUITests";
				PRODUCT_NAME = "$(TARGET_NAME)";
				SWIFT_EMIT_LOC_STRINGS = NO;
				SWIFT_VERSION = 5.0;
				TARGETED_DEVICE_FAMILY = "1,2";
				TEST_TARGET_NAME = Sweeper;
			};
			name = Release;
		};
/* End XCBuildConfiguration section */

/* Begin XCConfigurationList section */
		1CF278FE2C504E2C00977A26 /* Build configuration list for PBXProject "Sweeper" */ = {
			isa = XCConfigurationList;
			buildConfigurations = (
				1CF279252C504E3000977A26 /* Debug */,
				1CF279262C504E3000977A26 /* Release */,
			);
			defaultConfigurationIsVisible = 0;
			defaultConfigurationName = Release;
		};
		1CF279272C504E3000977A26 /* Build configuration list for PBXNativeTarget "Sweeper" */ = {
			isa = XCConfigurationList;
			buildConfigurations = (
				1CF279282C504E3000977A26 /* Debug */,
				1CF279292C504E3000977A26 /* Release */,
			);
			defaultConfigurationIsVisible = 0;
			defaultConfigurationName = Release;
		};
		1CF2792A2C504E3000977A26 /* Build configuration list for PBXNativeTarget "SweeperTests" */ = {
			isa = XCConfigurationList;
			buildConfigurations = (
				1CF2792B2C504E3000977A26 /* Debug */,
				1CF2792C2C504E3000977A26 /* Release */,
			);
			defaultConfigurationIsVisible = 0;
			defaultConfigurationName = Release;
		};
		1CF2792D2C504E3000977A26 /* Build configuration list for PBXNativeTarget "SweeperUITests" */ = {
			isa = XCConfigurationList;
			buildConfigurations = (
				1CF2792E2C504E3000977A26 /* Debug */,
				1CF2792F2C504E3000977A26 /* Release */,
			);
			defaultConfigurationIsVisible = 0;
			defaultConfigurationName = Release;
		};
/* End XCConfigurationList section */
	};
	rootObject = 1CF278FB2C504E2C00977A26 /* Project object */;
}
